
Microsoft Visual Studio Solution File, Format Version 12.00
# Visual Studio 15
VisualStudioVersion = 15.0.28307.102
MinimumVisualStudioVersion = 10.0.40219.1
Project("{FAE04EC0-301F-11D3-BF4B-00C04F79EFBC}") = "drill115", "drill115\drill115.csproj", "{9C35E23F-3231-42A8-A5F2-5038530FFCB7}"
EndProject
Global
	GlobalSection(SolutionConfigurationPlatforms) = preSolution
		Debug|Any CPU = Debug|Any CPU
		Release|Any CPU = Release|Any CPU
	EndGlobalSection
	GlobalSection(ProjectConfigurationPlatforms) = postSolution
		{9C35E23F-3231-42A8-A5F2-5038530FFCB7}.Debug|Any CPU.ActiveCfg = Debug|Any CPU
		{9C35E23F-3231-42A8-A5F2-5038530FFCB7}.Debug|Any CPU.Build.0 = Debug|Any CPU
		{9C35E23F-3231-42A8-A5F2-5038530FFCB7}.Release|Any CPU.ActiveCfg = Release|Any CPU
		{9C35E23F-3231-42A8-A5F2-5038530FFCB7}.Release|Any CPU.Build.0 = Release|Any CPU
	EndGlobalSection
	GlobalSection(SolutionProperties) = preSolution
		HideSolutionNode = FALSE
	EndGlobalSection
	GlobalSection(ExtensibilityGlobals) = postSolution
		SolutionGuid = {59549ABE-3455-4844-81A4-0397ACEF49BF}
	EndGlobalSection
EndGlobal
