
Microsoft Visual Studio Solution File, Format Version 12.00
# Visual Studio 15
VisualStudioVersion = 15.0.28307.102
MinimumVisualStudioVersion = 10.0.40219.1
Project("{FAE04EC0-301F-11D3-BF4B-00C04F79EFBC}") = "TwentyOne", "TwentyOne\TwentyOne.csproj", "{1C0D10D8-5F08-49E9-9AAA-3011249D6FD8}"
EndProject
Global
	GlobalSection(SolutionConfigurationPlatforms) = preSolution
		Debug|Any CPU = Debug|Any CPU
		Release|Any CPU = Release|Any CPU
	EndGlobalSection
	GlobalSection(ProjectConfigurationPlatforms) = postSolution
		{1C0D10D8-5F08-49E9-9AAA-3011249D6FD8}.Debug|Any CPU.ActiveCfg = Debug|Any CPU
		{1C0D10D8-5F08-49E9-9AAA-3011249D6FD8}.Debug|Any CPU.Build.0 = Debug|Any CPU
		{1C0D10D8-5F08-49E9-9AAA-3011249D6FD8}.Release|Any CPU.ActiveCfg = Release|Any CPU
		{1C0D10D8-5F08-49E9-9AAA-3011249D6FD8}.Release|Any CPU.Build.0 = Release|Any CPU
	EndGlobalSection
	GlobalSection(SolutionProperties) = preSolution
		HideSolutionNode = FALSE
	EndGlobalSection
	GlobalSection(ExtensibilityGlobals) = postSolution
		SolutionGuid = {7FC69F60-64CD-4AD1-8B95-C2C77DAF008B}
	EndGlobalSection
EndGlobal
