
Microsoft Visual Studio Solution File, Format Version 12.00
# Visual Studio 15
VisualStudioVersion = 15.0.28307.102
MinimumVisualStudioVersion = 10.0.40219.1
Project("{FAE04EC0-301F-11D3-BF4B-00C04F79EFBC}") = "drill94", "drill94\drill94.csproj", "{64B700B6-DD66-4400-A0A5-0C9976C8BF3C}"
EndProject
Global
	GlobalSection(SolutionConfigurationPlatforms) = preSolution
		Debug|Any CPU = Debug|Any CPU
		Release|Any CPU = Release|Any CPU
	EndGlobalSection
	GlobalSection(ProjectConfigurationPlatforms) = postSolution
		{64B700B6-DD66-4400-A0A5-0C9976C8BF3C}.Debug|Any CPU.ActiveCfg = Debug|Any CPU
		{64B700B6-DD66-4400-A0A5-0C9976C8BF3C}.Debug|Any CPU.Build.0 = Debug|Any CPU
		{64B700B6-DD66-4400-A0A5-0C9976C8BF3C}.Release|Any CPU.ActiveCfg = Release|Any CPU
		{64B700B6-DD66-4400-A0A5-0C9976C8BF3C}.Release|Any CPU.Build.0 = Release|Any CPU
	EndGlobalSection
	GlobalSection(SolutionProperties) = preSolution
		HideSolutionNode = FALSE
	EndGlobalSection
	GlobalSection(ExtensibilityGlobals) = postSolution
		SolutionGuid = {28F1E8FF-9945-42CE-9A7E-7324C98FA9F5}
	EndGlobalSection
EndGlobal
