
Microsoft Visual Studio Solution File, Format Version 12.00
# Visual Studio 15
VisualStudioVersion = 15.0.28307.102
MinimumVisualStudioVersion = 10.0.40219.1
Project("{FAE04EC0-301F-11D3-BF4B-00C04F79EFBC}") = "HelloWorld", "ConsoleApp2\HelloWorld.csproj", "{A6448717-C25E-4600-B764-610CF003B9B9}"
EndProject
Global
	GlobalSection(SolutionConfigurationPlatforms) = preSolution
		Debug|Any CPU = Debug|Any CPU
		Release|Any CPU = Release|Any CPU
	EndGlobalSection
	GlobalSection(ProjectConfigurationPlatforms) = postSolution
		{A6448717-C25E-4600-B764-610CF003B9B9}.Debug|Any CPU.ActiveCfg = Debug|Any CPU
		{A6448717-C25E-4600-B764-610CF003B9B9}.Debug|Any CPU.Build.0 = Debug|Any CPU
		{A6448717-C25E-4600-B764-610CF003B9B9}.Release|Any CPU.ActiveCfg = Release|Any CPU
		{A6448717-C25E-4600-B764-610CF003B9B9}.Release|Any CPU.Build.0 = Release|Any CPU
	EndGlobalSection
	GlobalSection(SolutionProperties) = preSolution
		HideSolutionNode = FALSE
	EndGlobalSection
	GlobalSection(ExtensibilityGlobals) = postSolution
		SolutionGuid = {D642E3EE-6673-4840-8F28-A9F4EA3AC9C1}
	EndGlobalSection
EndGlobal
