
Microsoft Visual Studio Solution File, Format Version 12.00
# Visual Studio 15
VisualStudioVersion = 15.0.28307.102
MinimumVisualStudioVersion = 10.0.40219.1
Project("{FAE04EC0-301F-11D3-BF4B-00C04F79EFBC}") = "drill165", "drill165.csproj", "{B35133C1-4019-4EA1-A264-0AA0D2580C69}"
EndProject
Global
	GlobalSection(SolutionConfigurationPlatforms) = preSolution
		Debug|Any CPU = Debug|Any CPU
		Release|Any CPU = Release|Any CPU
	EndGlobalSection
	GlobalSection(ProjectConfigurationPlatforms) = postSolution
		{B35133C1-4019-4EA1-A264-0AA0D2580C69}.Debug|Any CPU.ActiveCfg = Debug|Any CPU
		{B35133C1-4019-4EA1-A264-0AA0D2580C69}.Debug|Any CPU.Build.0 = Debug|Any CPU
		{B35133C1-4019-4EA1-A264-0AA0D2580C69}.Release|Any CPU.ActiveCfg = Release|Any CPU
		{B35133C1-4019-4EA1-A264-0AA0D2580C69}.Release|Any CPU.Build.0 = Release|Any CPU
	EndGlobalSection
	GlobalSection(SolutionProperties) = preSolution
		HideSolutionNode = FALSE
	EndGlobalSection
	GlobalSection(ExtensibilityGlobals) = postSolution
		SolutionGuid = {BB4B965D-C8C0-41FE-99C9-BFC4AF797446}
	EndGlobalSection
EndGlobal
