
Microsoft Visual Studio Solution File, Format Version 12.00
# Visual Studio 15
VisualStudioVersion = 15.0.28307.102
MinimumVisualStudioVersion = 10.0.40219.1
Project("{FAE04EC0-301F-11D3-BF4B-00C04F79EFBC}") = "ArraysandLists", "ArraysandLists\ArraysandLists.csproj", "{2DC1E6FD-A8E5-4661-90D7-EB96F2E2B59F}"
EndProject
Global
	GlobalSection(SolutionConfigurationPlatforms) = preSolution
		Debug|Any CPU = Debug|Any CPU
		Release|Any CPU = Release|Any CPU
	EndGlobalSection
	GlobalSection(ProjectConfigurationPlatforms) = postSolution
		{2DC1E6FD-A8E5-4661-90D7-EB96F2E2B59F}.Debug|Any CPU.ActiveCfg = Debug|Any CPU
		{2DC1E6FD-A8E5-4661-90D7-EB96F2E2B59F}.Debug|Any CPU.Build.0 = Debug|Any CPU
		{2DC1E6FD-A8E5-4661-90D7-EB96F2E2B59F}.Release|Any CPU.ActiveCfg = Release|Any CPU
		{2DC1E6FD-A8E5-4661-90D7-EB96F2E2B59F}.Release|Any CPU.Build.0 = Release|Any CPU
	EndGlobalSection
	GlobalSection(SolutionProperties) = preSolution
		HideSolutionNode = FALSE
	EndGlobalSection
	GlobalSection(ExtensibilityGlobals) = postSolution
		SolutionGuid = {C510AD0C-F25E-4D58-B00C-151DCB75A409}
	EndGlobalSection
EndGlobal
