
Microsoft Visual Studio Solution File, Format Version 12.00
# Visual Studio 15
VisualStudioVersion = 15.0.28307.102
MinimumVisualStudioVersion = 10.0.40219.1
Project("{FAE04EC0-301F-11D3-BF4B-00C04F79EFBC}") = "drill106", "drill106\drill106.csproj", "{E6B254A5-AA87-4C42-B1C6-711CB50B0D51}"
EndProject
Global
	GlobalSection(SolutionConfigurationPlatforms) = preSolution
		Debug|Any CPU = Debug|Any CPU
		Release|Any CPU = Release|Any CPU
	EndGlobalSection
	GlobalSection(ProjectConfigurationPlatforms) = postSolution
		{E6B254A5-AA87-4C42-B1C6-711CB50B0D51}.Debug|Any CPU.ActiveCfg = Debug|Any CPU
		{E6B254A5-AA87-4C42-B1C6-711CB50B0D51}.Debug|Any CPU.Build.0 = Debug|Any CPU
		{E6B254A5-AA87-4C42-B1C6-711CB50B0D51}.Release|Any CPU.ActiveCfg = Release|Any CPU
		{E6B254A5-AA87-4C42-B1C6-711CB50B0D51}.Release|Any CPU.Build.0 = Release|Any CPU
	EndGlobalSection
	GlobalSection(SolutionProperties) = preSolution
		HideSolutionNode = FALSE
	EndGlobalSection
	GlobalSection(ExtensibilityGlobals) = postSolution
		SolutionGuid = {BADB32ED-B9D3-4104-9631-CDDF5F185DCF}
	EndGlobalSection
EndGlobal
