
Microsoft Visual Studio Solution File, Format Version 12.00
# Visual Studio 15
VisualStudioVersion = 15.0.28307.102
MinimumVisualStudioVersion = 10.0.40219.1
Project("{FAE04EC0-301F-11D3-BF4B-00C04F79EFBC}") = "ConsoleApp2", "ConsoleApp2\ConsoleApp2.csproj", "{B68D5071-6115-4DA4-8AD4-76D9F55CA26A}"
EndProject
Global
	GlobalSection(SolutionConfigurationPlatforms) = preSolution
		Debug|Any CPU = Debug|Any CPU
		Release|Any CPU = Release|Any CPU
	EndGlobalSection
	GlobalSection(ProjectConfigurationPlatforms) = postSolution
		{B68D5071-6115-4DA4-8AD4-76D9F55CA26A}.Debug|Any CPU.ActiveCfg = Debug|Any CPU
		{B68D5071-6115-4DA4-8AD4-76D9F55CA26A}.Debug|Any CPU.Build.0 = Debug|Any CPU
		{B68D5071-6115-4DA4-8AD4-76D9F55CA26A}.Release|Any CPU.ActiveCfg = Release|Any CPU
		{B68D5071-6115-4DA4-8AD4-76D9F55CA26A}.Release|Any CPU.Build.0 = Release|Any CPU
	EndGlobalSection
	GlobalSection(SolutionProperties) = preSolution
		HideSolutionNode = FALSE
	EndGlobalSection
	GlobalSection(ExtensibilityGlobals) = postSolution
		SolutionGuid = {86F47630-A543-4011-AADC-946C93534C99}
	EndGlobalSection
EndGlobal
