
Microsoft Visual Studio Solution File, Format Version 12.00
# Visual Studio 15
VisualStudioVersion = 15.0.28307.102
MinimumVisualStudioVersion = 10.0.40219.1
Project("{FAE04EC0-301F-11D3-BF4B-00C04F79EFBC}") = "drill92", "drill92\drill92.csproj", "{4CCC07E7-9B01-4A0B-A4B0-37ED5E1B4000}"
EndProject
Global
	GlobalSection(SolutionConfigurationPlatforms) = preSolution
		Debug|Any CPU = Debug|Any CPU
		Release|Any CPU = Release|Any CPU
	EndGlobalSection
	GlobalSection(ProjectConfigurationPlatforms) = postSolution
		{4CCC07E7-9B01-4A0B-A4B0-37ED5E1B4000}.Debug|Any CPU.ActiveCfg = Debug|Any CPU
		{4CCC07E7-9B01-4A0B-A4B0-37ED5E1B4000}.Debug|Any CPU.Build.0 = Debug|Any CPU
		{4CCC07E7-9B01-4A0B-A4B0-37ED5E1B4000}.Release|Any CPU.ActiveCfg = Release|Any CPU
		{4CCC07E7-9B01-4A0B-A4B0-37ED5E1B4000}.Release|Any CPU.Build.0 = Release|Any CPU
	EndGlobalSection
	GlobalSection(SolutionProperties) = preSolution
		HideSolutionNode = FALSE
	EndGlobalSection
	GlobalSection(ExtensibilityGlobals) = postSolution
		SolutionGuid = {4706D108-F162-4335-A3D1-E8ED024D8BE0}
	EndGlobalSection
EndGlobal
