
Microsoft Visual Studio Solution File, Format Version 12.00
# Visual Studio 15
VisualStudioVersion = 15.0.28307.102
MinimumVisualStudioVersion = 10.0.40219.1
Project("{FAE04EC0-301F-11D3-BF4B-00C04F79EFBC}") = "MVCtutorial", "MVCtutorial\MVCtutorial.csproj", "{95809CA9-2274-4596-B36F-0277EF42146B}"
EndProject
Global
	GlobalSection(SolutionConfigurationPlatforms) = preSolution
		Debug|Any CPU = Debug|Any CPU
		Release|Any CPU = Release|Any CPU
	EndGlobalSection
	GlobalSection(ProjectConfigurationPlatforms) = postSolution
		{95809CA9-2274-4596-B36F-0277EF42146B}.Debug|Any CPU.ActiveCfg = Debug|Any CPU
		{95809CA9-2274-4596-B36F-0277EF42146B}.Debug|Any CPU.Build.0 = Debug|Any CPU
		{95809CA9-2274-4596-B36F-0277EF42146B}.Release|Any CPU.ActiveCfg = Release|Any CPU
		{95809CA9-2274-4596-B36F-0277EF42146B}.Release|Any CPU.Build.0 = Release|Any CPU
	EndGlobalSection
	GlobalSection(SolutionProperties) = preSolution
		HideSolutionNode = FALSE
	EndGlobalSection
	GlobalSection(ExtensibilityGlobals) = postSolution
		SolutionGuid = {C13E2F3B-5FF0-42E1-BAF9-9BB4AD5D9F64}
	EndGlobalSection
EndGlobal
