
Microsoft Visual Studio Solution File, Format Version 12.00
# Visual Studio 15
VisualStudioVersion = 15.0.28307.102
MinimumVisualStudioVersion = 10.0.40219.1
Project("{FAE04EC0-301F-11D3-BF4B-00C04F79EFBC}") = "WebApplication2", "WebApplication2\WebApplication2.csproj", "{4E681307-5FF8-43CE-B7D7-4D2312D7A403}"
EndProject
Global
	GlobalSection(SolutionConfigurationPlatforms) = preSolution
		Debug|Any CPU = Debug|Any CPU
		Release|Any CPU = Release|Any CPU
	EndGlobalSection
	GlobalSection(ProjectConfigurationPlatforms) = postSolution
		{4E681307-5FF8-43CE-B7D7-4D2312D7A403}.Debug|Any CPU.ActiveCfg = Debug|Any CPU
		{4E681307-5FF8-43CE-B7D7-4D2312D7A403}.Debug|Any CPU.Build.0 = Debug|Any CPU
		{4E681307-5FF8-43CE-B7D7-4D2312D7A403}.Release|Any CPU.ActiveCfg = Release|Any CPU
		{4E681307-5FF8-43CE-B7D7-4D2312D7A403}.Release|Any CPU.Build.0 = Release|Any CPU
	EndGlobalSection
	GlobalSection(SolutionProperties) = preSolution
		HideSolutionNode = FALSE
	EndGlobalSection
	GlobalSection(ExtensibilityGlobals) = postSolution
		SolutionGuid = {81AFE8E1-F094-41EA-BD87-7EEB7555F7B5}
	EndGlobalSection
EndGlobal
