
Microsoft Visual Studio Solution File, Format Version 12.00
# Visual Studio 15
VisualStudioVersion = 15.0.28307.102
MinimumVisualStudioVersion = 10.0.40219.1
Project("{FAE04EC0-301F-11D3-BF4B-00C04F79EFBC}") = "drill134", "drill134\drill134.csproj", "{80E67BA9-6869-4F34-AB2E-04FE6D8EE482}"
EndProject
Global
	GlobalSection(SolutionConfigurationPlatforms) = preSolution
		Debug|Any CPU = Debug|Any CPU
		Release|Any CPU = Release|Any CPU
	EndGlobalSection
	GlobalSection(ProjectConfigurationPlatforms) = postSolution
		{80E67BA9-6869-4F34-AB2E-04FE6D8EE482}.Debug|Any CPU.ActiveCfg = Debug|Any CPU
		{80E67BA9-6869-4F34-AB2E-04FE6D8EE482}.Debug|Any CPU.Build.0 = Debug|Any CPU
		{80E67BA9-6869-4F34-AB2E-04FE6D8EE482}.Release|Any CPU.ActiveCfg = Release|Any CPU
		{80E67BA9-6869-4F34-AB2E-04FE6D8EE482}.Release|Any CPU.Build.0 = Release|Any CPU
	EndGlobalSection
	GlobalSection(SolutionProperties) = preSolution
		HideSolutionNode = FALSE
	EndGlobalSection
	GlobalSection(ExtensibilityGlobals) = postSolution
		SolutionGuid = {0A633E82-7085-44A2-A594-938CEAA3CAAA}
	EndGlobalSection
EndGlobal
