
Microsoft Visual Studio Solution File, Format Version 12.00
# Visual Studio 15
VisualStudioVersion = 15.0.28307.102
MinimumVisualStudioVersion = 10.0.40219.1
Project("{FAE04EC0-301F-11D3-BF4B-00C04F79EFBC}") = "drill137", "drill137.csproj", "{7C39FBB5-7325-4D7D-9B79-0DC4B9AE2DD1}"
EndProject
Global
	GlobalSection(SolutionConfigurationPlatforms) = preSolution
		Debug|Any CPU = Debug|Any CPU
		Release|Any CPU = Release|Any CPU
	EndGlobalSection
	GlobalSection(ProjectConfigurationPlatforms) = postSolution
		{7C39FBB5-7325-4D7D-9B79-0DC4B9AE2DD1}.Debug|Any CPU.ActiveCfg = Debug|Any CPU
		{7C39FBB5-7325-4D7D-9B79-0DC4B9AE2DD1}.Debug|Any CPU.Build.0 = Debug|Any CPU
		{7C39FBB5-7325-4D7D-9B79-0DC4B9AE2DD1}.Release|Any CPU.ActiveCfg = Release|Any CPU
		{7C39FBB5-7325-4D7D-9B79-0DC4B9AE2DD1}.Release|Any CPU.Build.0 = Release|Any CPU
	EndGlobalSection
	GlobalSection(SolutionProperties) = preSolution
		HideSolutionNode = FALSE
	EndGlobalSection
	GlobalSection(ExtensibilityGlobals) = postSolution
		SolutionGuid = {E3050334-A1AD-4175-B1EB-FF387F8DBA85}
	EndGlobalSection
EndGlobal
